
Microsoft Visual Studio Solution File, Format Version 12.00
# Visual Studio Version 17
VisualStudioVersion = 17.3.32929.385
MinimumVisualStudioVersion = 10.0.40219.1
Project("{FAE04EC0-301F-11D3-BF4B-00C04F79EFBC}") = "karrtavaya", "karrtavaya\karrtavaya.csproj", "{82B15B8F-1242-471D-9FE9-534690F86216}"
EndProject
Global
	GlobalSection(SolutionConfigurationPlatforms) = preSolution
		Debug|Any CPU = Debug|Any CPU
		Release|Any CPU = Release|Any CPU
	EndGlobalSection
	GlobalSection(ProjectConfigurationPlatforms) = postSolution
		{82B15B8F-1242-471D-9FE9-534690F86216}.Debug|Any CPU.ActiveCfg = Debug|Any CPU
		{82B15B8F-1242-471D-9FE9-534690F86216}.Debug|Any CPU.Build.0 = Debug|Any CPU
		{82B15B8F-1242-471D-9FE9-534690F86216}.Release|Any CPU.ActiveCfg = Release|Any CPU
		{82B15B8F-1242-471D-9FE9-534690F86216}.Release|Any CPU.Build.0 = Release|Any CPU
	EndGlobalSection
	GlobalSection(SolutionProperties) = preSolution
		HideSolutionNode = FALSE
	EndGlobalSection
	GlobalSection(ExtensibilityGlobals) = postSolution
		SolutionGuid = {12555396-671E-4314-8060-4636504F0DE1}
	EndGlobalSection
EndGlobal
